{
  "version": 4,
  "terraform_version": "1.11.1",
  "serial": 5,
  "lineage": "ad04f460-59ac-78a9-983c-678e6e14e093",
  "outputs": {},
  "resources": [
    {
      "mode": "managed",
      "type": "dockercompose_stack",
      "name": "test",
      "provider": "provider[\"registry.terraform.io/local/dockercompose\"]",
      "instances": [
        {
          "schema_version": 0,
          "attributes": {
            "id": "testapp",
            "name": "testapp",
            "network": [
              {
                "driver": "bridge",
                "name": "backend-network"
              }
            ],
            "service": [
              {
                "command": [
                  "nginx",
                  "-g",
                  "daemon off;"
                ],
                "depends_on": [
                  "db"
                ],
                "entrypoint": [
                  "/docker-entrypoint.sh"
                ],
                "environment": {
                  "APP_ENV": "production",
                  "DEBUG": "false"
                },
                "extra_config": {},
                "healthcheck_interval": "",
                "healthcheck_retries": 0,
                "healthcheck_test": "",
                "image": "nginx:latest",
                "name": "web",
                "ports": [],
                "replicas": 3,
                "restart": "always"
              },
              {
                "command": [],
                "depends_on": [],
                "entrypoint": [],
                "environment": {
                  "POSTGRES_PASSWORD": "supersecret",
                  "POSTGRES_USER": "admin"
                },
                "extra_config": {},
                "healthcheck_interval": "",
                "healthcheck_retries": 0,
                "healthcheck_test": "",
                "image": "postgres:15",
                "name": "db",
                "ports": [
                  "5432:5432"
                ],
                "replicas": 1,
                "restart": "always"
              }
            ],
            "volume": []
          },
          "sensitive_attributes": [],
          "private": "bnVsbA=="
        }
      ]
    }
  ],
  "check_results": null
}
